
Microsoft Visual Studio Solution File, Format Version 12.00
# Visual Studio 2012
Project("{FAE04EC0-301F-11D3-BF4B-00C04F79EFBC}") = "PosMain", "SupportAlerter\PosMain.csproj", "{AEA57434-23C5-4A30-A244-5EB262D328FD}"
EndProject
Project("{FAE04EC0-301F-11D3-BF4B-00C04F79EFBC}") = "PosService", "SupportAlerterService\PosService.csproj", "{37C667C4-A250-48DC-BD7E-C3907C53F700}"
EndProject
Project("{FAE04EC0-301F-11D3-BF4B-00C04F79EFBC}") = "PosLibrary", "SupportAlerterLibrary\PosLibrary.csproj", "{574441C7-52DB-49C4-A449-B7520F226039}"
EndProject
Global
	GlobalSection(SolutionConfigurationPlatforms) = preSolution
		Debug|Any CPU = Debug|Any CPU
		Release|Any CPU = Release|Any CPU
	EndGlobalSection
	GlobalSection(ProjectConfigurationPlatforms) = postSolution
		{AEA57434-23C5-4A30-A244-5EB262D328FD}.Debug|Any CPU.ActiveCfg = Debug|Any CPU
		{AEA57434-23C5-4A30-A244-5EB262D328FD}.Debug|Any CPU.Build.0 = Debug|Any CPU
		{AEA57434-23C5-4A30-A244-5EB262D328FD}.Release|Any CPU.ActiveCfg = Release|Any CPU
		{AEA57434-23C5-4A30-A244-5EB262D328FD}.Release|Any CPU.Build.0 = Release|Any CPU
		{37C667C4-A250-48DC-BD7E-C3907C53F700}.Debug|Any CPU.ActiveCfg = Debug|Any CPU
		{37C667C4-A250-48DC-BD7E-C3907C53F700}.Debug|Any CPU.Build.0 = Debug|Any CPU
		{37C667C4-A250-48DC-BD7E-C3907C53F700}.Release|Any CPU.ActiveCfg = Release|Any CPU
		{37C667C4-A250-48DC-BD7E-C3907C53F700}.Release|Any CPU.Build.0 = Release|Any CPU
		{574441C7-52DB-49C4-A449-B7520F226039}.Debug|Any CPU.ActiveCfg = Debug|Any CPU
		{574441C7-52DB-49C4-A449-B7520F226039}.Debug|Any CPU.Build.0 = Debug|Any CPU
		{574441C7-52DB-49C4-A449-B7520F226039}.Release|Any CPU.ActiveCfg = Release|Any CPU
		{574441C7-52DB-49C4-A449-B7520F226039}.Release|Any CPU.Build.0 = Release|Any CPU
	EndGlobalSection
	GlobalSection(SolutionProperties) = preSolution
		HideSolutionNode = FALSE
	EndGlobalSection
EndGlobal
